
Microsoft Visual Studio Solution File, Format Version 12.00
# Visual Studio Version 16
VisualStudioVersion = 16.0.31025.194
MinimumVisualStudioVersion = 10.0.40219.1
Project("{FAE04EC0-301F-11D3-BF4B-00C04F79EFBC}") = "sppd-ia-core-3", "sppd-ia-core-3.csproj", "{92DF1360-E966-4821-B5F9-255DF4E8A8A9}"
EndProject
Global
	GlobalSection(SolutionConfigurationPlatforms) = preSolution
		Debug|Any CPU = Debug|Any CPU
		Release|Any CPU = Release|Any CPU
	EndGlobalSection
	GlobalSection(ProjectConfigurationPlatforms) = postSolution
		{92DF1360-E966-4821-B5F9-255DF4E8A8A9}.Debug|Any CPU.ActiveCfg = Debug|Any CPU
		{92DF1360-E966-4821-B5F9-255DF4E8A8A9}.Debug|Any CPU.Build.0 = Debug|Any CPU
		{92DF1360-E966-4821-B5F9-255DF4E8A8A9}.Release|Any CPU.ActiveCfg = Release|Any CPU
		{92DF1360-E966-4821-B5F9-255DF4E8A8A9}.Release|Any CPU.Build.0 = Release|Any CPU
	EndGlobalSection
	GlobalSection(SolutionProperties) = preSolution
		HideSolutionNode = FALSE
	EndGlobalSection
	GlobalSection(ExtensibilityGlobals) = postSolution
		SolutionGuid = {9FEFA675-10B6-4015-A780-F8A80AEECA2F}
	EndGlobalSection
EndGlobal
